{
  "name": "ezforms",
  "version": "0.5.0",
  "lockfileVersion": 1,
  "requires": true,
  "dependencies": {
    "ezhtml": {
      "version": "1.3.1",
      "resolved": "https://registry.npmjs.org/ezhtml/-/ezhtml-1.3.1.tgz",
      "integrity": "sha512-7fvrIMG0oxy1/hKhtQFRtUc0CavNDy4is+zELdPruifFwTSBAl4r7CzHzr6Lqb15aMMPfwJtoZbR2wUwx9jzEw==",
      "requires": {
        "ezobjects": "5.4.4"
      }
    },
    "ezobjects": {
      "version": "5.4.4",
      "resolved": "https://registry.npmjs.org/ezobjects/-/ezobjects-5.4.4.tgz",
      "integrity": "sha512-zsy+ajobw7WBmpFJATBWaiGhXjFdLcvbzngv9OmrMWOv+ASh5+ZQ0bIPDegaEKSuWD/W9IVjVhLa7vESi/1KOw=="
    }
  }
}
